
Microsoft Visual Studio Solution File, Format Version 12.00
# Visual Studio 2013
VisualStudioVersion = 12.0.30501.0
MinimumVisualStudioVersion = 10.0.40219.1
Project("{FAE04EC0-301F-11D3-BF4B-00C04F79EFBC}") = "MailMessaging.Plain.Core", "MailMessaging.Plain.Core\MailMessaging.Plain.Core.csproj", "{9DB4B409-832D-4A2C-B462-49C1091A6EB0}"
EndProject
Project("{FAE04EC0-301F-11D3-BF4B-00C04F79EFBC}") = "MailMessaging.Plain.Core.UnitTest", "MailMessaging.Plain.Core.UnitTest\MailMessaging.Plain.Core.UnitTest.csproj", "{B129F78F-CCDE-4F31-A3B1-B245CAD96B49}"
EndProject
Project("{FAE04EC0-301F-11D3-BF4B-00C04F79EFBC}") = "MailMessaging.Plain.Win8", "MailMessaging.Plain.Win8\MailMessaging.Plain.Win8.csproj", "{5CC28467-1F02-495C-A131-AED7D7A80915}"
EndProject
Project("{FAE04EC0-301F-11D3-BF4B-00C04F79EFBC}") = "MailMessaging.Plain.Win8.UnitTest", "MailMessaging.Plain.Win8.UnitTest\MailMessaging.Plain.Win8.UnitTest.csproj", "{C5EE4AA2-7367-4C09-AB85-02BF05086DD2}"
EndProject
Project("{FAE04EC0-301F-11D3-BF4B-00C04F79EFBC}") = "MailMessaging.Plain.Net", "MailMessaging.Plain.Net\MailMessaging.Plain.Net.csproj", "{63C3D78A-2708-4420-9AF0-6BC917523113}"
EndProject
Project("{FAE04EC0-301F-11D3-BF4B-00C04F79EFBC}") = "MailMessaging.Plain.Net.UnitTest", "MailMessaging.Plain.Net.UnitTest\MailMessaging.Plain.Net.UnitTest.csproj", "{0F9C73F7-42AA-4C07-ADF5-CE3669C10778}"
EndProject
Global
	GlobalSection(SolutionConfigurationPlatforms) = preSolution
		Debug|Any CPU = Debug|Any CPU
		Release|Any CPU = Release|Any CPU
	EndGlobalSection
	GlobalSection(ProjectConfigurationPlatforms) = postSolution
		{9DB4B409-832D-4A2C-B462-49C1091A6EB0}.Debug|Any CPU.ActiveCfg = Debug|Any CPU
		{9DB4B409-832D-4A2C-B462-49C1091A6EB0}.Debug|Any CPU.Build.0 = Debug|Any CPU
		{9DB4B409-832D-4A2C-B462-49C1091A6EB0}.Release|Any CPU.ActiveCfg = Release|Any CPU
		{9DB4B409-832D-4A2C-B462-49C1091A6EB0}.Release|Any CPU.Build.0 = Release|Any CPU
		{B129F78F-CCDE-4F31-A3B1-B245CAD96B49}.Debug|Any CPU.ActiveCfg = Debug|Any CPU
		{B129F78F-CCDE-4F31-A3B1-B245CAD96B49}.Debug|Any CPU.Build.0 = Debug|Any CPU
		{B129F78F-CCDE-4F31-A3B1-B245CAD96B49}.Release|Any CPU.ActiveCfg = Release|Any CPU
		{B129F78F-CCDE-4F31-A3B1-B245CAD96B49}.Release|Any CPU.Build.0 = Release|Any CPU
		{5CC28467-1F02-495C-A131-AED7D7A80915}.Debug|Any CPU.ActiveCfg = Debug|Any CPU
		{5CC28467-1F02-495C-A131-AED7D7A80915}.Debug|Any CPU.Build.0 = Debug|Any CPU
		{5CC28467-1F02-495C-A131-AED7D7A80915}.Release|Any CPU.ActiveCfg = Release|Any CPU
		{5CC28467-1F02-495C-A131-AED7D7A80915}.Release|Any CPU.Build.0 = Release|Any CPU
		{C5EE4AA2-7367-4C09-AB85-02BF05086DD2}.Debug|Any CPU.ActiveCfg = Debug|Any CPU
		{C5EE4AA2-7367-4C09-AB85-02BF05086DD2}.Debug|Any CPU.Build.0 = Debug|Any CPU
		{C5EE4AA2-7367-4C09-AB85-02BF05086DD2}.Release|Any CPU.ActiveCfg = Release|Any CPU
		{C5EE4AA2-7367-4C09-AB85-02BF05086DD2}.Release|Any CPU.Build.0 = Release|Any CPU
		{63C3D78A-2708-4420-9AF0-6BC917523113}.Debug|Any CPU.ActiveCfg = Debug|Any CPU
		{63C3D78A-2708-4420-9AF0-6BC917523113}.Debug|Any CPU.Build.0 = Debug|Any CPU
		{63C3D78A-2708-4420-9AF0-6BC917523113}.Release|Any CPU.ActiveCfg = Release|Any CPU
		{63C3D78A-2708-4420-9AF0-6BC917523113}.Release|Any CPU.Build.0 = Release|Any CPU
		{0F9C73F7-42AA-4C07-ADF5-CE3669C10778}.Debug|Any CPU.ActiveCfg = Debug|Any CPU
		{0F9C73F7-42AA-4C07-ADF5-CE3669C10778}.Debug|Any CPU.Build.0 = Debug|Any CPU
		{0F9C73F7-42AA-4C07-ADF5-CE3669C10778}.Release|Any CPU.ActiveCfg = Release|Any CPU
		{0F9C73F7-42AA-4C07-ADF5-CE3669C10778}.Release|Any CPU.Build.0 = Release|Any CPU
	EndGlobalSection
	GlobalSection(SolutionProperties) = preSolution
		HideSolutionNode = FALSE
	EndGlobalSection
EndGlobal
